
Microsoft Visual Studio Solution File, Format Version 12.00
# Visual Studio Version 17
VisualStudioVersion = 17.13.35931.197
MinimumVisualStudioVersion = 10.0.40219.1
Project("{FAE04EC0-301F-11D3-BF4B-00C04F79EFBC}") = "ChessLogic", "ChessLogic\ChessLogic.csproj", "{E059DBF5-3FF7-455E-AC6B-8E7527869F77}"
EndProject
Project("{FAE04EC0-301F-11D3-BF4B-00C04F79EFBC}") = "ChessUI", "ChessUI\ChessUI.csproj", "{DB36C3AE-883D-4F09-8782-A2894B839873}"
EndProject
Global
	GlobalSection(SolutionConfigurationPlatforms) = preSolution
		Debug|Any CPU = Debug|Any CPU
		Release|Any CPU = Release|Any CPU
	EndGlobalSection
	GlobalSection(ProjectConfigurationPlatforms) = postSolution
		{E059DBF5-3FF7-455E-AC6B-8E7527869F77}.Debug|Any CPU.ActiveCfg = Debug|Any CPU
		{E059DBF5-3FF7-455E-AC6B-8E7527869F77}.Debug|Any CPU.Build.0 = Debug|Any CPU
		{E059DBF5-3FF7-455E-AC6B-8E7527869F77}.Release|Any CPU.ActiveCfg = Release|Any CPU
		{E059DBF5-3FF7-455E-AC6B-8E7527869F77}.Release|Any CPU.Build.0 = Release|Any CPU
		{DB36C3AE-883D-4F09-8782-A2894B839873}.Debug|Any CPU.ActiveCfg = Debug|Any CPU
		{DB36C3AE-883D-4F09-8782-A2894B839873}.Debug|Any CPU.Build.0 = Debug|Any CPU
		{DB36C3AE-883D-4F09-8782-A2894B839873}.Release|Any CPU.ActiveCfg = Release|Any CPU
		{DB36C3AE-883D-4F09-8782-A2894B839873}.Release|Any CPU.Build.0 = Release|Any CPU
	EndGlobalSection
	GlobalSection(SolutionProperties) = preSolution
		HideSolutionNode = FALSE
	EndGlobalSection
	GlobalSection(ExtensibilityGlobals) = postSolution
		SolutionGuid = {9AD96231-3BFA-4AC4-8CDC-7C32A58D7F6A}
	EndGlobalSection
EndGlobal
